// !$*UTF8*$!
{
	archiveVersion = 1;
	classes = {
	};
	objectVersion = 56;
	objects = {

/* Begin PBXBuildFile section */
		122F08AB2C2F2B7C006B1D31 /* AppDelegate.swift in Sources */ = {isa = PBXBuildFile; fileRef = 122F08AA2C2F2B7C006B1D31 /* AppDelegate.swift */; };
		122F08AD2C2F2B7C006B1D31 /* SceneDelegate.swift in Sources */ = {isa = PBXBuildFile; fileRef = 122F08AC2C2F2B7C006B1D31 /* SceneDelegate.swift */; };
		122F08AF2C2F2B7C006B1D31 /* ViewController.swift in Sources */ = {isa = PBXBuildFile; fileRef = 122F08AE2C2F2B7C006B1D31 /* ViewController.swift */; };
		122F08B22C2F2B7C006B1D31 /* Base in Resources */ = {isa = PBXBuildFile; fileRef = 122F08B12C2F2B7C006B1D31 /* Base */; };
		122F08B42C2F2B7E006B1D31 /* Assets.xcassets in Resources */ = {isa = PBXBuildFile; fileRef = 122F08B32C2F2B7E006B1D31 /* Assets.xcassets */; };
		122F08B72C2F2B7E006B1D31 /* Base in Resources */ = {isa = PBXBuildFile; fileRef = 122F08B62C2F2B7E006B1D31 /* Base */; };
		122F08D32C2FE313006B1D31 /* QuickShareTableViewCell.swift in Sources */ = {isa = PBXBuildFile; fileRef = 122F08D22C2FE313006B1D31 /* QuickShareTableViewCell.swift */; };
		122F08D52C2FE6C4006B1D31 /* DetailsViewController.swift in Sources */ = {isa = PBXBuildFile; fileRef = 122F08D42C2FE6C4006B1D31 /* DetailsViewController.swift */; };
		122F08D82C2FE9F5006B1D31 /* Photos.framework in Frameworks */ = {isa = PBXBuildFile; fileRef = 122F08D72C2FE9F5006B1D31 /* Photos.framework */; };
/* End PBXBuildFile section */

/* Begin PBXFileReference section */
		122F08A72C2F2B7C006B1D31 /* QuickShare.app */ = {isa = PBXFileReference; explicitFileType = wrapper.application; includeInIndex = 0; path = QuickShare.app; sourceTree = BUILT_PRODUCTS_DIR; };
		122F08AA2C2F2B7C006B1D31 /* AppDelegate.swift */ = {isa = PBXFileReference; lastKnownFileType = sourcecode.swift; path = AppDelegate.swift; sourceTree = "<group>"; };
		122F08AC2C2F2B7C006B1D31 /* SceneDelegate.swift */ = {isa = PBXFileReference; lastKnownFileType = sourcecode.swift; path = SceneDelegate.swift; sourceTree = "<group>"; };
		122F08AE2C2F2B7C006B1D31 /* ViewController.swift */ = {isa = PBXFileReference; lastKnownFileType = sourcecode.swift; path = ViewController.swift; sourceTree = "<group>"; };
		122F08B12C2F2B7C006B1D31 /* Base */ = {isa = PBXFileReference; lastKnownFileType = file.storyboard; name = Base; path = Base.lproj/Main.storyboard; sourceTree = "<group>"; };
		122F08B32C2F2B7E006B1D31 /* Assets.xcassets */ = {isa = PBXFileReference; lastKnownFileType = folder.assetcatalog; path = Assets.xcassets; sourceTree = "<group>"; };
		122F08B62C2F2B7E006B1D31 /* Base */ = {isa = PBXFileReference; lastKnownFileType = file.storyboard; name = Base; path = Base.lproj/LaunchScreen.storyboard; sourceTree = "<group>"; };
		122F08B82C2F2B7E006B1D31 /* Info.plist */ = {isa = PBXFileReference; lastKnownFileType = text.plist.xml; path = Info.plist; sourceTree = "<group>"; };
		122F08D22C2FE313006B1D31 /* QuickShareTableViewCell.swift */ = {isa = PBXFileReference; lastKnownFileType = sourcecode.swift; path = QuickShareTableViewCell.swift; sourceTree = "<group>"; };
		122F08D42C2FE6C4006B1D31 /* DetailsViewController.swift */ = {isa = PBXFileReference; lastKnownFileType = sourcecode.swift; path = DetailsViewController.swift; sourceTree = "<group>"; };
		122F08D72C2FE9F5006B1D31 /* Photos.framework */ = {isa = PBXFileReference; lastKnownFileType = wrapper.framework; name = Photos.framework; path = System/Library/Frameworks/Photos.framework; sourceTree = SDKROOT; };
/* End PBXFileReference section */

/* Begin PBXFrameworksBuildPhase section */
		122F08A42C2F2B7C006B1D31 /* Frameworks */ = {
			isa = PBXFrameworksBuildPhase;
			buildActionMask = 2147483647;
			files = (
				122F08D82C2FE9F5006B1D31 /* Photos.framework in Frameworks */,
			);
			runOnlyForDeploymentPostprocessing = 0;
		};
/* End PBXFrameworksBuildPhase section */

/* Begin PBXGroup section */
		122F089E2C2F2B7C006B1D31 = {
			isa = PBXGroup;
			children = (
				122F08D92C2FEE10006B1D31 /* Resources */,
				122F08A92C2F2B7C006B1D31 /* QuickShare */,
				122F08A82C2F2B7C006B1D31 /* Products */,
				122F08D62C2FE9F5006B1D31 /* Frameworks */,
			);
			sourceTree = "<group>";
		};
		122F08A82C2F2B7C006B1D31 /* Products */ = {
			isa = PBXGroup;
			children = (
				122F08A72C2F2B7C006B1D31 /* QuickShare.app */,
			);
			name = Products;
			sourceTree = "<group>";
		};
		122F08A92C2F2B7C006B1D31 /* QuickShare */ = {
			isa = PBXGroup;
			children = (
				122F08AE2C2F2B7C006B1D31 /* ViewController.swift */,
				122F08D42C2FE6C4006B1D31 /* DetailsViewController.swift */,
				122F08D22C2FE313006B1D31 /* QuickShareTableViewCell.swift */,
				122F08B82C2F2B7E006B1D31 /* Info.plist */,
			);
			path = QuickShare;
			sourceTree = "<group>";
		};
		122F08D62C2FE9F5006B1D31 /* Frameworks */ = {
			isa = PBXGroup;
			children = (
				122F08D72C2FE9F5006B1D31 /* Photos.framework */,
			);
			name = Frameworks;
			sourceTree = "<group>";
		};
		122F08D92C2FEE10006B1D31 /* Resources */ = {
			isa = PBXGroup;
			children = (
				122F08AA2C2F2B7C006B1D31 /* AppDelegate.swift */,
				122F08AC2C2F2B7C006B1D31 /* SceneDelegate.swift */,
				122F08B02C2F2B7C006B1D31 /* Main.storyboard */,
				122F08B32C2F2B7E006B1D31 /* Assets.xcassets */,
				122F08B52C2F2B7E006B1D31 /* LaunchScreen.storyboard */,
			);
			path = Resources;
			sourceTree = "<group>";
		};
/* End PBXGroup section */

/* Begin PBXNativeTarget section */
		122F08A62C2F2B7C006B1D31 /* QuickShare */ = {
			isa = PBXNativeTarget;
			buildConfigurationList = 122F08BB2C2F2B7E006B1D31 /* Build configuration list for PBXNativeTarget "QuickShare" */;
			buildPhases = (
				122F08A32C2F2B7C006B1D31 /* Sources */,
				122F08A42C2F2B7C006B1D31 /* Frameworks */,
				122F08A52C2F2B7C006B1D31 /* Resources */,
			);
			buildRules = (
			);
			dependencies = (
			);
			name = QuickShare;
			productName = QuickShare;
			productReference = 122F08A72C2F2B7C006B1D31 /* QuickShare.app */;
			productType = "com.apple.product-type.application";
		};
/* End PBXNativeTarget section */

/* Begin PBXProject section */
		122F089F2C2F2B7C006B1D31 /* Project object */ = {
			isa = PBXProject;
			attributes = {
				BuildIndependentTargetsInParallel = 1;
				LastSwiftUpdateCheck = 1540;
				LastUpgradeCheck = 1540;
				TargetAttributes = {
					122F08A62C2F2B7C006B1D31 = {
						CreatedOnToolsVersion = 15.4;
					};
				};
			};
			buildConfigurationList = 122F08A22C2F2B7C006B1D31 /* Build configuration list for PBXProject "QuickShare" */;
			compatibilityVersion = "Xcode 14.0";
			developmentRegion = en;
			hasScannedForEncodings = 0;
			knownRegions = (
				en,
				Base,
			);
			mainGroup = 122F089E2C2F2B7C006B1D31;
			productRefGroup = 122F08A82C2F2B7C006B1D31 /* Products */;
			projectDirPath = "";
			projectRoot = "";
			targets = (
				122F08A62C2F2B7C006B1D31 /* QuickShare */,
			);
		};
/* End PBXProject section */

/* Begin PBXResourcesBuildPhase section */
		122F08A52C2F2B7C006B1D31 /* Resources */ = {
			isa = PBXResourcesBuildPhase;
			buildActionMask = 2147483647;
			files = (
				122F08B42C2F2B7E006B1D31 /* Assets.xcassets in Resources */,
				122F08B72C2F2B7E006B1D31 /* Base in Resources */,
				122F08B22C2F2B7C006B1D31 /* Base in Resources */,
			);
			runOnlyForDeploymentPostprocessing = 0;
		};
/* End PBXResourcesBuildPhase section */

/* Begin PBXSourcesBuildPhase section */
		122F08A32C2F2B7C006B1D31 /* Sources */ = {
			isa = PBXSourcesBuildPhase;
			buildActionMask = 2147483647;
			files = (
				122F08AF2C2F2B7C006B1D31 /* ViewController.swift in Sources */,
				122F08AB2C2F2B7C006B1D31 /* AppDelegate.swift in Sources */,
				122F08AD2C2F2B7C006B1D31 /* SceneDelegate.swift in Sources */,
				122F08D32C2FE313006B1D31 /* QuickShareTableViewCell.swift in Sources */,
				122F08D52C2FE6C4006B1D31 /* DetailsViewController.swift in Sources */,
			);
			runOnlyForDeploymentPostprocessing = 0;
		};
/* End PBXSourcesBuildPhase section */

/* Begin PBXVariantGroup section */
		122F08B02C2F2B7C006B1D31 /* Main.storyboard */ = {
			isa = PBXVariantGroup;
			children = (
				122F08B12C2F2B7C006B1D31 /* Base */,
			);
			name = Main.storyboard;
			sourceTree = "<group>";
		};
		122F08B52C2F2B7E006B1D31 /* LaunchScreen.storyboard */ = {
			isa = PBXVariantGroup;
			children = (
				122F08B62C2F2B7E006B1D31 /* Base */,
			);
			name = LaunchScreen.storyboard;
			sourceTree = "<group>";
		};
/* End PBXVariantGroup section */

/* Begin XCBuildConfiguration section */
		122F08B92C2F2B7E006B1D31 /* Debug */ = {
			isa = XCBuildConfiguration;
			buildSettings = {
				ALWAYS_SEARCH_USER_PATHS = NO;
				ASSETCATALOG_COMPILER_GENERATE_SWIFT_ASSET_SYMBOL_EXTENSIONS = YES;
				CLANG_ANALYZER_NONNULL = YES;
				CLANG_ANALYZER_NUMBER_OBJECT_CONVERSION = YES_AGGRESSIVE;
				CLANG_CXX_LANGUAGE_STANDARD = "gnu++20";
				CLANG_ENABLE_MODULES = YES;
				CLANG_ENABLE_OBJC_ARC = YES;
				CLANG_ENABLE_OBJC_WEAK = YES;
				CLANG_WARN_BLOCK_CAPTURE_AUTORELEASING = YES;
				CLANG_WARN_BOOL_CONVERSION = YES;
				CLANG_WARN_COMMA = YES;
				CLANG_WARN_CONSTANT_CONVERSION = YES;
				CLANG_WARN_DEPRECATED_OBJC_IMPLEMENTATIONS = YES;
				CLANG_WARN_DIRECT_OBJC_ISA_USAGE = YES_ERROR;
				CLANG_WARN_DOCUMENTATION_COMMENTS = YES;
				CLANG_WARN_EMPTY_BODY = YES;
				CLANG_WARN_ENUM_CONVERSION = YES;
				CLANG_WARN_INFINITE_RECURSION = YES;
				CLANG_WARN_INT_CONVERSION = YES;
				CLANG_WARN_NON_LITERAL_NULL_CONVERSION = YES;
				CLANG_WARN_OBJC_IMPLICIT_RETAIN_SELF = YES;
				CLANG_WARN_OBJC_LITERAL_CONVERSION = YES;
				CLANG_WARN_OBJC_ROOT_CLASS = YES_ERROR;
				CLANG_WARN_QUOTED_INCLUDE_IN_FRAMEWORK_HEADER = YES;
				CLANG_WARN_RANGE_LOOP_ANALYSIS = YES;
				CLANG_WARN_STRICT_PROTOTYPES = YES;
				CLANG_WARN_SUSPICIOUS_MOVE = YES;
				CLANG_WARN_UNGUARDED_AVAILABILITY = YES_AGGRESSIVE;
				CLANG_WARN_UNREACHABLE_CODE = YES;
				CLANG_WARN__DUPLICATE_METHOD_MATCH = YES;
				COPY_PHASE_STRIP = NO;
				DEBUG_INFORMATION_FORMAT = dwarf;
				ENABLE_STRICT_OBJC_MSGSEND = YES;
				ENABLE_TESTABILITY = YES;
				ENABLE_USER_SCRIPT_SANDBOXING = YES;
				GCC_C_LANGUAGE_STANDARD = gnu17;
				GCC_DYNAMIC_NO_PIC = NO;
				GCC_NO_COMMON_BLOCKS = YES;
				GCC_OPTIMIZATION_LEVEL = 0;
				GCC_PREPROCESSOR_DEFINITIONS = (
					"DEBUG=1",
					"$(inherited)",
				);
				GCC_WARN_64_TO_32_BIT_CONVERSION = YES;
				GCC_WARN_ABOUT_RETURN_TYPE = YES_ERROR;
				GCC_WARN_UNDECLARED_SELECTOR = YES;
				GCC_WARN_UNINITIALIZED_AUTOS = YES_AGGRESSIVE;
				GCC_WARN_UNUSED_FUNCTION = YES;
				GCC_WARN_UNUSED_VARIABLE = YES;
				IPHONEOS_DEPLOYMENT_TARGET = 17.5;
				LOCALIZATION_PREFERS_STRING_CATALOGS = YES;
				MTL_ENABLE_DEBUG_INFO = INCLUDE_SOURCE;
				MTL_FAST_MATH = YES;
				ONLY_ACTIVE_ARCH = YES;
				SDKROOT = iphoneos;
				SWIFT_ACTIVE_COMPILATION_CONDITIONS = "DEBUG $(inherited)";
				SWIFT_OPTIMIZATION_LEVEL = "-Onone";
			};
			name = Debug;
		};
		122F08BA2C2F2B7E006B1D31 /* Release */ = {
			isa = XCBuildConfiguration;
			buildSettings = {
				ALWAYS_SEARCH_USER_PATHS = NO;
				ASSETCATALOG_COMPILER_GENERATE_SWIFT_ASSET_SYMBOL_EXTENSIONS = YES;
				CLANG_ANALYZER_NONNULL = YES;
				CLANG_ANALYZER_NUMBER_OBJECT_CONVERSION = YES_AGGRESSIVE;
				CLANG_CXX_LANGUAGE_STANDARD = "gnu++20";
				CLANG_ENABLE_MODULES = YES;
				CLANG_ENABLE_OBJC_ARC = YES;
				CLANG_ENABLE_OBJC_WEAK = YES;
				CLANG_WARN_BLOCK_CAPTURE_AUTORELEASING = YES;
				CLANG_WARN_BOOL_CONVERSION = YES;
				CLANG_WARN_COMMA = YES;
				CLANG_WARN_CONSTANT_CONVERSION = YES;
				CLANG_WARN_DEPRECATED_OBJC_IMPLEMENTATIONS = YES;
				CLANG_WARN_DIRECT_OBJC_ISA_USAGE = YES_ERROR;
				CLANG_WARN_DOCUMENTATION_COMMENTS = YES;
				CLANG_WARN_EMPTY_BODY = YES;
				CLANG_WARN_ENUM_CONVERSION = YES;
				CLANG_WARN_INFINITE_RECURSION = YES;
				CLANG_WARN_INT_CONVERSION = YES;
				CLANG_WARN_NON_LITERAL_NULL_CONVERSION = YES;
				CLANG_WARN_OBJC_IMPLICIT_RETAIN_SELF = YES;
				CLANG_WARN_OBJC_LITERAL_CONVERSION = YES;
				CLANG_WARN_OBJC_ROOT_CLASS = YES_ERROR;
				CLANG_WARN_QUOTED_INCLUDE_IN_FRAMEWORK_HEADER = YES;
				CLANG_WARN_RANGE_LOOP_ANALYSIS = YES;
				CLANG_WARN_STRICT_PROTOTYPES = YES;
				CLANG_WARN_SUSPICIOUS_MOVE = YES;
				CLANG_WARN_UNGUARDED_AVAILABILITY = YES_AGGRESSIVE;
				CLANG_WARN_UNREACHABLE_CODE = YES;
				CLANG_WARN__DUPLICATE_METHOD_MATCH = YES;
				COPY_PHASE_STRIP = NO;
				DEBUG_INFORMATION_FORMAT = "dwarf-with-dsym";
				ENABLE_NS_ASSERTIONS = NO;
				ENABLE_STRICT_OBJC_MSGSEND = YES;
				ENABLE_USER_SCRIPT_SANDBOXING = YES;
				GCC_C_LANGUAGE_STANDARD = gnu17;
				GCC_NO_COMMON_BLOCKS = YES;
				GCC_WARN_64_TO_32_BIT_CONVERSION = YES;
				GCC_WARN_ABOUT_RETURN_TYPE = YES_ERROR;
				GCC_WARN_UNDECLARED_SELECTOR = YES;
				GCC_WARN_UNINITIALIZED_AUTOS = YES_AGGRESSIVE;
				GCC_WARN_UNUSED_FUNCTION = YES;
				GCC_WARN_UNUSED_VARIABLE = YES;
				IPHONEOS_DEPLOYMENT_TARGET = 17.5;
				LOCALIZATION_PREFERS_STRING_CATALOGS = YES;
				MTL_ENABLE_DEBUG_INFO = NO;
				MTL_FAST_MATH = YES;
				SDKROOT = iphoneos;
				SWIFT_COMPILATION_MODE = wholemodule;
				VALIDATE_PRODUCT = YES;
			};
			name = Release;
		};
		122F08BC2C2F2B7E006B1D31 /* Debug */ = {
			isa = XCBuildConfiguration;
			buildSettings = {
				ASSETCATALOG_COMPILER_APPICON_NAME = AppIcon;
				ASSETCATALOG_COMPILER_GLOBAL_ACCENT_COLOR_NAME = AccentColor;
				CODE_SIGN_STYLE = Automatic;
				CURRENT_PROJECT_VERSION = 1;
				GENERATE_INFOPLIST_FILE = YES;
				INFOPLIST_FILE = QuickShare/Info.plist;
				INFOPLIST_KEY_UIApplicationSupportsIndirectInputEvents = YES;
				INFOPLIST_KEY_UILaunchStoryboardName = LaunchScreen;
				INFOPLIST_KEY_UIMainStoryboardFile = Main;
				INFOPLIST_KEY_UISupportedInterfaceOrientations = UIInterfaceOrientationPortrait;
				INFOPLIST_KEY_UISupportedInterfaceOrientations_iPad = "UIInterfaceOrientationLandscapeLeft UIInterfaceOrientationLandscapeRight UIInterfaceOrientationPortrait UIInterfaceOrientationPortraitUpsideDown";
				IPHONEOS_DEPLOYMENT_TARGET = 14.0;
				LD_RUNPATH_SEARCH_PATHS = (
					"$(inherited)",
					"@executable_path/Frameworks",
				);
				MARKETING_VERSION = 1.0;
				PRODUCT_BUNDLE_IDENTIFIER = com.janviarora.QuickShare;
				PRODUCT_NAME = "$(TARGET_NAME)";
				SUPPORTED_PLATFORMS = "iphoneos iphonesimulator";
				SUPPORTS_MACCATALYST = NO;
				SUPPORTS_MAC_DESIGNED_FOR_IPHONE_IPAD = NO;
				SUPPORTS_XR_DESIGNED_FOR_IPHONE_IPAD = NO;
				SWIFT_EMIT_LOC_STRINGS = YES;
				SWIFT_VERSION = 5.0;
				TARGETED_DEVICE_FAMILY = 1;
			};
			name = Debug;
		};
		122F08BD2C2F2B7E006B1D31 /* Release */ = {
			isa = XCBuildConfiguration;
			buildSettings = {
				ASSETCATALOG_COMPILER_APPICON_NAME = AppIcon;
				ASSETCATALOG_COMPILER_GLOBAL_ACCENT_COLOR_NAME = AccentColor;
				CODE_SIGN_STYLE = Automatic;
				CURRENT_PROJECT_VERSION = 1;
				GENERATE_INFOPLIST_FILE = YES;
				INFOPLIST_FILE = QuickShare/Info.plist;
				INFOPLIST_KEY_UIApplicationSupportsIndirectInputEvents = YES;
				INFOPLIST_KEY_UILaunchStoryboardName = LaunchScreen;
				INFOPLIST_KEY_UIMainStoryboardFile = Main;
				INFOPLIST_KEY_UISupportedInterfaceOrientations = UIInterfaceOrientationPortrait;
				INFOPLIST_KEY_UISupportedInterfaceOrientations_iPad = "UIInterfaceOrientationLandscapeLeft UIInterfaceOrientationLandscapeRight UIInterfaceOrientationPortrait UIInterfaceOrientationPortraitUpsideDown";
				IPHONEOS_DEPLOYMENT_TARGET = 14.0;
				LD_RUNPATH_SEARCH_PATHS = (
					"$(inherited)",
					"@executable_path/Frameworks",
				);
				MARKETING_VERSION = 1.0;
				PRODUCT_BUNDLE_IDENTIFIER = com.janviarora.QuickShare;
				PRODUCT_NAME = "$(TARGET_NAME)";
				SUPPORTED_PLATFORMS = "iphoneos iphonesimulator";
				SUPPORTS_MACCATALYST = NO;
				SUPPORTS_MAC_DESIGNED_FOR_IPHONE_IPAD = NO;
				SUPPORTS_XR_DESIGNED_FOR_IPHONE_IPAD = NO;
				SWIFT_EMIT_LOC_STRINGS = YES;
				SWIFT_VERSION = 5.0;
				TARGETED_DEVICE_FAMILY = 1;
			};
			name = Release;
		};
/* End XCBuildConfiguration section */

/* Begin XCConfigurationList section */
		122F08A22C2F2B7C006B1D31 /* Build configuration list for PBXProject "QuickShare" */ = {
			isa = XCConfigurationList;
			buildConfigurations = (
				122F08B92C2F2B7E006B1D31 /* Debug */,
				122F08BA2C2F2B7E006B1D31 /* Release */,
			);
			defaultConfigurationIsVisible = 0;
			defaultConfigurationName = Release;
		};
		122F08BB2C2F2B7E006B1D31 /* Build configuration list for PBXNativeTarget "QuickShare" */ = {
			isa = XCConfigurationList;
			buildConfigurations = (
				122F08BC2C2F2B7E006B1D31 /* Debug */,
				122F08BD2C2F2B7E006B1D31 /* Release */,
			);
			defaultConfigurationIsVisible = 0;
			defaultConfigurationName = Release;
		};
/* End XCConfigurationList section */
	};
	rootObject = 122F089F2C2F2B7C006B1D31 /* Project object */;
}
